
Microsoft Visual Studio Solution File, Format Version 12.00
# Visual Studio Version 16
VisualStudioVersion = 16.0.30225.117
MinimumVisualStudioVersion = 10.0.40219.1
Project("{FAE04EC0-301F-11D3-BF4B-00C04F79EFBC}") = "Interface", "Interface\Interface.csproj", "{7D1A9037-B34C-4B87-8E20-101D58BBB9B6}"
EndProject
Global
	GlobalSection(SolutionConfigurationPlatforms) = preSolution
		Debug|Any CPU = Debug|Any CPU
		Release|Any CPU = Release|Any CPU
	EndGlobalSection
	GlobalSection(ProjectConfigurationPlatforms) = postSolution
		{7D1A9037-B34C-4B87-8E20-101D58BBB9B6}.Debug|Any CPU.ActiveCfg = Debug|Any CPU
		{7D1A9037-B34C-4B87-8E20-101D58BBB9B6}.Debug|Any CPU.Build.0 = Debug|Any CPU
		{7D1A9037-B34C-4B87-8E20-101D58BBB9B6}.Release|Any CPU.ActiveCfg = Release|Any CPU
		{7D1A9037-B34C-4B87-8E20-101D58BBB9B6}.Release|Any CPU.Build.0 = Release|Any CPU
	EndGlobalSection
	GlobalSection(SolutionProperties) = preSolution
		HideSolutionNode = FALSE
	EndGlobalSection
	GlobalSection(ExtensibilityGlobals) = postSolution
		SolutionGuid = {025B2C92-47C3-4756-B4C4-30CCE4222D53}
	EndGlobalSection
EndGlobal
