
Microsoft Visual Studio Solution File, Format Version 12.00
# Visual Studio Version 16
VisualStudioVersion = 16.0.30225.117
MinimumVisualStudioVersion = 10.0.40219.1
Project("{9A19103F-16F7-4668-BE54-9A1E7A4F7556}") = "Interface", "Interface\Interface.csproj", "{7D1A9037-B34C-4B87-8E20-101D58BBB9B6}"
EndProject
Project("{9A19103F-16F7-4668-BE54-9A1E7A4F7556}") = "InterfacesDemo", "InterfacesDemo\InterfacesDemo.csproj", "{C59C3573-A80E-4481-B4F8-BA2844178144}"
EndProject
Project("{9A19103F-16F7-4668-BE54-9A1E7A4F7556}") = "Kalitim", "Kalitim\Kalitim.csproj", "{51317875-729D-4492-8211-0866E6ADA387}"
EndProject
Project("{FAE04EC0-301F-11D3-BF4B-00C04F79EFBC}") = "Interfacess", "Interfacess\Interfacess.csproj", "{68056AAB-0F80-4DB5-9A39-B9E5B4B95195}"
EndProject
Global
	GlobalSection(SolutionConfigurationPlatforms) = preSolution
		Debug|Any CPU = Debug|Any CPU
		Release|Any CPU = Release|Any CPU
	EndGlobalSection
	GlobalSection(ProjectConfigurationPlatforms) = postSolution
		{7D1A9037-B34C-4B87-8E20-101D58BBB9B6}.Debug|Any CPU.ActiveCfg = Debug|Any CPU
		{7D1A9037-B34C-4B87-8E20-101D58BBB9B6}.Debug|Any CPU.Build.0 = Debug|Any CPU
		{7D1A9037-B34C-4B87-8E20-101D58BBB9B6}.Release|Any CPU.ActiveCfg = Release|Any CPU
		{7D1A9037-B34C-4B87-8E20-101D58BBB9B6}.Release|Any CPU.Build.0 = Release|Any CPU
		{C59C3573-A80E-4481-B4F8-BA2844178144}.Debug|Any CPU.ActiveCfg = Debug|Any CPU
		{C59C3573-A80E-4481-B4F8-BA2844178144}.Debug|Any CPU.Build.0 = Debug|Any CPU
		{C59C3573-A80E-4481-B4F8-BA2844178144}.Release|Any CPU.ActiveCfg = Release|Any CPU
		{C59C3573-A80E-4481-B4F8-BA2844178144}.Release|Any CPU.Build.0 = Release|Any CPU
		{51317875-729D-4492-8211-0866E6ADA387}.Debug|Any CPU.ActiveCfg = Debug|Any CPU
		{51317875-729D-4492-8211-0866E6ADA387}.Debug|Any CPU.Build.0 = Debug|Any CPU
		{51317875-729D-4492-8211-0866E6ADA387}.Release|Any CPU.ActiveCfg = Release|Any CPU
		{51317875-729D-4492-8211-0866E6ADA387}.Release|Any CPU.Build.0 = Release|Any CPU
		{68056AAB-0F80-4DB5-9A39-B9E5B4B95195}.Debug|Any CPU.ActiveCfg = Debug|Any CPU
		{68056AAB-0F80-4DB5-9A39-B9E5B4B95195}.Debug|Any CPU.Build.0 = Debug|Any CPU
		{68056AAB-0F80-4DB5-9A39-B9E5B4B95195}.Release|Any CPU.ActiveCfg = Release|Any CPU
		{68056AAB-0F80-4DB5-9A39-B9E5B4B95195}.Release|Any CPU.Build.0 = Release|Any CPU
	EndGlobalSection
	GlobalSection(SolutionProperties) = preSolution
		HideSolutionNode = FALSE
	EndGlobalSection
	GlobalSection(ExtensibilityGlobals) = postSolution
		SolutionGuid = {025B2C92-47C3-4756-B4C4-30CCE4222D53}
	EndGlobalSection
EndGlobal
